
Microsoft Visual Studio Solution File, Format Version 12.00
# Visual Studio 15
VisualStudioVersion = 15.0.28307.645
MinimumVisualStudioVersion = 10.0.40219.1
Project("{FAE04EC0-301F-11D3-BF4B-00C04F79EFBC}") = "SalesMvc", "SalesMvc\SalesMvc.csproj", "{C763A78B-99DA-48F8-8149-7C9E3D982D43}"
EndProject
Global
	GlobalSection(SolutionConfigurationPlatforms) = preSolution
		Debug|Any CPU = Debug|Any CPU
		Release|Any CPU = Release|Any CPU
	EndGlobalSection
	GlobalSection(ProjectConfigurationPlatforms) = postSolution
		{C763A78B-99DA-48F8-8149-7C9E3D982D43}.Debug|Any CPU.ActiveCfg = Debug|Any CPU
		{C763A78B-99DA-48F8-8149-7C9E3D982D43}.Debug|Any CPU.Build.0 = Debug|Any CPU
		{C763A78B-99DA-48F8-8149-7C9E3D982D43}.Release|Any CPU.ActiveCfg = Release|Any CPU
		{C763A78B-99DA-48F8-8149-7C9E3D982D43}.Release|Any CPU.Build.0 = Release|Any CPU
	EndGlobalSection
	GlobalSection(SolutionProperties) = preSolution
		HideSolutionNode = FALSE
	EndGlobalSection
	GlobalSection(ExtensibilityGlobals) = postSolution
		SolutionGuid = {F9D5C155-C4A1-4B83-82A6-773985CB192E}
	EndGlobalSection
EndGlobal
